
Microsoft Visual Studio Solution File, Format Version 12.00
# Visual Studio 14
VisualStudioVersion = 14.0.23107.0
MinimumVisualStudioVersion = 10.0.40219.1
Project("{FAE04EC0-301F-11D3-BF4B-00C04F79EFBC}") = "Permutation", "Permutation\Permutation.csproj", "{2873111F-7FB0-48BA-8D2D-C5C60B9C00AE}"
EndProject
Project("{2150E333-8FDC-42A3-9474-1A3956D46DE8}") = "Solution Items", "Solution Items", "{36484833-CF24-4873-A8BF-24AFA06DD1C0}"
	ProjectSection(SolutionItems) = preProject
		README.md = README.md
	EndProjectSection
EndProject
Global
	GlobalSection(SolutionConfigurationPlatforms) = preSolution
		Debug|Any CPU = Debug|Any CPU
		Release|Any CPU = Release|Any CPU
	EndGlobalSection
	GlobalSection(ProjectConfigurationPlatforms) = postSolution
		{2873111F-7FB0-48BA-8D2D-C5C60B9C00AE}.Debug|Any CPU.ActiveCfg = Debug|Any CPU
		{2873111F-7FB0-48BA-8D2D-C5C60B9C00AE}.Debug|Any CPU.Build.0 = Debug|Any CPU
		{2873111F-7FB0-48BA-8D2D-C5C60B9C00AE}.Release|Any CPU.ActiveCfg = Release|Any CPU
		{2873111F-7FB0-48BA-8D2D-C5C60B9C00AE}.Release|Any CPU.Build.0 = Release|Any CPU
	EndGlobalSection
	GlobalSection(SolutionProperties) = preSolution
		HideSolutionNode = FALSE
	EndGlobalSection
EndGlobal
